# This file is autogenerated, do not edit; changes may be undone by the next 'dep ensure'.


[[projects]]
  name = "github.com/asaskevich/govalidator"
  packages = ["."]
  revision = "15028e809df8c71964e8efa6c11e81d5c0262302"

[[projects]]
  name = "github.com/cheikhshift/db"
  packages = ["."]
  revision = "85091e3e47fea467cb0e2e4b8e6ab02572fa18d0"
  version = "v0.5.0"

[[projects]]
  name = "github.com/cheikhshift/gos"
  packages = ["core"]
  revision = "d1a3e8bb9aa815119edb74504a6e1833b7061a77"

[[projects]]
  branch = "master"
  name = "github.com/elazarl/go-bindata-assetfs"
  packages = ["."]
  revision = "30f82fa23fd844bd5bb1e5f216db87fd77b5eb43"

[[projects]]
  name = "github.com/fatih/color"
  packages = ["."]
  revision = "67c513e5729f918f5e69786686770c27141a4490"

[[projects]]
  name = "github.com/gorilla/context"
  packages = ["."]
  revision = "1ea25387ff6f684839d82767c1733ff4d4d15d0a"
  version = "v1.1"

[[projects]]
  name = "github.com/gorilla/securecookie"
  packages = ["."]
  revision = "667fe4e3466a040b780561fe9b51a83a3753eefc"
  version = "v1.1"

[[projects]]
  name = "github.com/gorilla/sessions"
  packages = ["."]
  revision = "ca9ada44574153444b00d3fd9c8559e4cc95f896"
  version = "v1.1"

[[projects]]
  name = "github.com/mattn/go-colorable"
  packages = ["."]
  revision = "ad5389df28cdac544c99bd7b9161a0b5b6ca9d1b"

[[projects]]
  name = "github.com/mattn/go-isatty"
  packages = ["."]
  revision = "a5cdd64afdee435007ee3e9f6ed4684af949d568"

[[projects]]
  name = "golang.org/x/sys"
  packages = ["unix"]
  revision = "b90f89a1e7a9c1f6b918820b3daa7f08488c8594"

[[projects]]
  name = "gopkg.in/mgo.v2"
  packages = [".","bson","internal/sasl","internal/scram"]
  revision = "03c9f3ee4c14c8e51ee521a6a7d0425658dd6f64"

[solve-meta]
  analyzer-name = "dep"
  analyzer-version = 1
  inputs-digest = "e1b7d8f0c20d321e0b68486c1fbddea600778c388ab0fea63b4edbafe34f63f7"
  solver-name = "gps-cdcl"
  solver-version = 1
